
Microsoft Visual Studio Solution File, Format Version 12.00
# Visual Studio Version 17
VisualStudioVersion = 17.10.35122.118
MinimumVisualStudioVersion = 10.0.40219.1
Project("{FAE04EC0-301F-11D3-BF4B-00C04F79EFBC}") = "Silmoon.AspNetCore.Demo.KeyAuth", "Silmoon.AspNetCore.Demo.KeyAuth\Silmoon.AspNetCore.Demo.KeyAuth.csproj", "{D1E547DB-8F0F-4CDA-AF81-F815453D1D8B}"
EndProject
Project("{2150E333-8FDC-42A3-9474-1A3956D46DE8}") = "解决方案项", "解决方案项", "{BEDB62C6-CDDB-496E-A45C-2C1387A75E26}"
	ProjectSection(SolutionItems) = preProject
		.gitattributes = .gitattributes
		.gitignore = .gitignore
		README.md = README.md
	EndProjectSection
EndProject
Global
	GlobalSection(SolutionConfigurationPlatforms) = preSolution
		Debug|Any CPU = Debug|Any CPU
		Release|Any CPU = Release|Any CPU
	EndGlobalSection
	GlobalSection(ProjectConfigurationPlatforms) = postSolution
		{D1E547DB-8F0F-4CDA-AF81-F815453D1D8B}.Debug|Any CPU.ActiveCfg = Debug|Any CPU
		{D1E547DB-8F0F-4CDA-AF81-F815453D1D8B}.Debug|Any CPU.Build.0 = Debug|Any CPU
		{D1E547DB-8F0F-4CDA-AF81-F815453D1D8B}.Release|Any CPU.ActiveCfg = Release|Any CPU
		{D1E547DB-8F0F-4CDA-AF81-F815453D1D8B}.Release|Any CPU.Build.0 = Release|Any CPU
	EndGlobalSection
	GlobalSection(SolutionProperties) = preSolution
		HideSolutionNode = FALSE
	EndGlobalSection
	GlobalSection(ExtensibilityGlobals) = postSolution
		SolutionGuid = {8FEBC5E6-424D-45F3-9F9C-447280C28CDA}
	EndGlobalSection
EndGlobal
